
Microsoft Visual Studio Solution File, Format Version 12.00
# Visual Studio Version 16
VisualStudioVersion = 16.0.30907.101
MinimumVisualStudioVersion = 10.0.40219.1
Project("{FAE04EC0-301F-11D3-BF4B-00C04F79EFBC}") = "input_prog", "input_prog\input_prog.csproj", "{59FFEB76-6513-43CC-B5B4-0D71FBD9AAFD}"
EndProject
Global
	GlobalSection(SolutionConfigurationPlatforms) = preSolution
		Debug|Any CPU = Debug|Any CPU
		Release|Any CPU = Release|Any CPU
	EndGlobalSection
	GlobalSection(ProjectConfigurationPlatforms) = postSolution
		{59FFEB76-6513-43CC-B5B4-0D71FBD9AAFD}.Debug|Any CPU.ActiveCfg = Debug|Any CPU
		{59FFEB76-6513-43CC-B5B4-0D71FBD9AAFD}.Debug|Any CPU.Build.0 = Debug|Any CPU
		{59FFEB76-6513-43CC-B5B4-0D71FBD9AAFD}.Release|Any CPU.ActiveCfg = Release|Any CPU
		{59FFEB76-6513-43CC-B5B4-0D71FBD9AAFD}.Release|Any CPU.Build.0 = Release|Any CPU
	EndGlobalSection
	GlobalSection(SolutionProperties) = preSolution
		HideSolutionNode = FALSE
	EndGlobalSection
	GlobalSection(ExtensibilityGlobals) = postSolution
		SolutionGuid = {4D275BF8-6FC4-46A1-8006-C193424A7E50}
	EndGlobalSection
EndGlobal
